
Microsoft Visual Studio Solution File, Format Version 12.00
# Visual Studio Version 17
VisualStudioVersion = 17.5.33530.505
MinimumVisualStudioVersion = 10.0.40219.1
Project("{FAE04EC0-301F-11D3-BF4B-00C04F79EFBC}") = "Ejercicio04.Consola", "Ejercicio04.Consola\Ejercicio04.Consola.csproj", "{2093FA11-5D66-4186-B46C-AE4CE8501341}"
EndProject
Global
	GlobalSection(SolutionConfigurationPlatforms) = preSolution
		Debug|Any CPU = Debug|Any CPU
		Release|Any CPU = Release|Any CPU
	EndGlobalSection
	GlobalSection(ProjectConfigurationPlatforms) = postSolution
		{2093FA11-5D66-4186-B46C-AE4CE8501341}.Debug|Any CPU.ActiveCfg = Debug|Any CPU
		{2093FA11-5D66-4186-B46C-AE4CE8501341}.Debug|Any CPU.Build.0 = Debug|Any CPU
		{2093FA11-5D66-4186-B46C-AE4CE8501341}.Release|Any CPU.ActiveCfg = Release|Any CPU
		{2093FA11-5D66-4186-B46C-AE4CE8501341}.Release|Any CPU.Build.0 = Release|Any CPU
	EndGlobalSection
	GlobalSection(SolutionProperties) = preSolution
		HideSolutionNode = FALSE
	EndGlobalSection
	GlobalSection(ExtensibilityGlobals) = postSolution
		SolutionGuid = {24287C5A-0F0C-4660-84AC-39632EB2D980}
	EndGlobalSection
EndGlobal
